<?xml version="1.0" encoding="UTF-8"?>
<Scheme
   LastUpgradeVersion = "1420"
   version = "1.7">
   <!-- MARK: Human Tasks -->
   <!--
   1. Configure code signing identity and provisioning profiles in Xcode
   2. Set up environment-specific API endpoints and keys
   3. Configure test data and test environment variables
   4. Set up code coverage reporting tools
   5. Configure continuous integration system with appropriate build settings
   -->
   <BuildAction
      parallelizeBuildables = "YES"
      buildImplicitDependencies = "YES">
      <!-- Requirement: Native iOS Development - Configures native iOS build environment -->
      <BuildActionEntries>
         <BuildActionEntry
            buildForTesting = "YES"
            buildForRunning = "YES"
            buildForProfiling = "YES"
            buildForArchiving = "YES"
            buildForAnalyzing = "YES">
            <BuildableReference
               BuildableIdentifier = "primary"
               BlueprintIdentifier = "T7890123456789"
               BuildableName = "MintReplicaLite.app"
               BlueprintName = "MintReplicaLite"
               ReferencedContainer = "container:MintReplicaLite.xcodeproj">
            </BuildableReference>
         </BuildActionEntry>
      </BuildActionEntries>
      <!-- Requirement: Security Architecture - Build-time security analysis -->
      <PreActions>
         <ExecutionAction
            ActionType = "Xcode.IDEStandardExecutionActionsCore.ExecutionActionType.ShellScriptAction">
            <ActionContent
               title = "Run SwiftLint"
               scriptText = "if which swiftlint &gt;/dev/null; then&#10;  swiftlint&#10;else&#10;  echo &quot;warning: SwiftLint not installed&quot;&#10;fi">
               <EnvironmentBuildable>
                  <BuildableReference
                     BuildableIdentifier = "primary"
                     BlueprintIdentifier = "T7890123456789"
                     BuildableName = "MintReplicaLite.app"
                     BlueprintName = "MintReplicaLite"
                     ReferencedContainer = "container:MintReplicaLite.xcodeproj">
                  </BuildableReference>
               </EnvironmentBuildable>
            </ActionContent>
         </ExecutionAction>
      </PreActions>
   </BuildAction>
   <TestAction
      buildConfiguration = "Debug"
      selectedDebuggerIdentifier = "Xcode.DebuggerFoundation.Debugger.LLDB"
      selectedLauncherIdentifier = "Xcode.DebuggerFoundation.Launcher.LLDB"
      shouldUseLaunchSchemeArgsEnv = "YES"
      codeCoverageEnabled = "YES"
      onlyGenerateCoverageForSpecifiedTargets = "YES">
      <!-- Requirement: Testing Strategy - Configures unit and UI testing targets -->
      <CodeCoverageTargets>
         <BuildableReference
            BuildableIdentifier = "primary"
            BlueprintIdentifier = "T7890123456789"
            BuildableName = "MintReplicaLite.app"
            BlueprintName = "MintReplicaLite"
            ReferencedContainer = "container:MintReplicaLite.xcodeproj">
         </BuildableReference>
      </CodeCoverageTargets>
      <Testables>
         <TestableReference
            skipped = "NO"
            parallelizable = "YES"
            testExecutionOrdering = "random">
            <BuildableReference
               BuildableIdentifier = "primary"
               BlueprintIdentifier = "MintReplicaLiteTests"
               BuildableName = "MintReplicaLiteTests.xctest"
               BlueprintName = "MintReplicaLiteTests"
               ReferencedContainer = "container:MintReplicaLite.xcodeproj">
            </BuildableReference>
         </TestableReference>
         <TestableReference
            skipped = "NO"
            parallelizable = "YES"
            testExecutionOrdering = "random">
            <BuildableReference
               BuildableIdentifier = "primary"
               BlueprintIdentifier = "MintReplicaLiteUITests"
               BuildableName = "MintReplicaLiteUITests.xctest"
               BlueprintName = "MintReplicaLiteUITests"
               ReferencedContainer = "container:MintReplicaLite.xcodeproj">
            </BuildableReference>
         </TestableReference>
      </Testables>
      <!-- Requirement: Security Architecture - Test environment security configuration -->
      <CommandLineArguments>
         <CommandLineArgument
            argument = "-FIRDebugEnabled"
            isEnabled = "YES">
         </CommandLineArgument>
         <CommandLineArgument
            argument = "-FIRAnalyticsDebugEnabled"
            isEnabled = "YES">
         </CommandLineArgument>
      </CommandLineArguments>
      <EnvironmentVariables>
         <EnvironmentVariable
            key = "TESTING_ENV"
            value = "YES"
            isEnabled = "YES">
         </EnvironmentVariable>
         <EnvironmentVariable
            key = "API_ENVIRONMENT"
            value = "test"
            isEnabled = "YES">
         </EnvironmentVariable>
         <EnvironmentVariable
            key = "UI_TESTING"
            value = "YES"
            isEnabled = "YES">
         </EnvironmentVariable>
      </EnvironmentVariables>
   </TestAction>
   <LaunchAction
      buildConfiguration = "Debug"
      selectedDebuggerIdentifier = "Xcode.DebuggerFoundation.Debugger.LLDB"
      selectedLauncherIdentifier = "Xcode.DebuggerFoundation.Launcher.LLDB"
      enableThreadSanitizer = "YES"
      enableUBSanitizer = "YES"
      enableAddressSanitizer = "YES"
      launchStyle = "0"
      useCustomWorkingDirectory = "NO"
      ignoresPersistentStateOnLaunch = "NO"
      debugDocumentVersioning = "YES"
      debugServiceExtension = "internal"
      allowLocationSimulation = "YES">
      <!-- Requirement: Development Environment - Debug configuration -->
      <BuildableProductRunnable
         runnableDebuggingMode = "0">
         <BuildableReference
            BuildableIdentifier = "primary"
            BlueprintIdentifier = "T7890123456789"
            BuildableName = "MintReplicaLite.app"
            BlueprintName = "MintReplicaLite"
            ReferencedContainer = "container:MintReplicaLite.xcodeproj">
         </BuildableReference>
      </BuildableProductRunnable>
      <!-- Requirement: Security Architecture - Runtime security configuration -->
      <CommandLineArguments>
         <CommandLineArgument
            argument = "-com.apple.CoreData.SQLDebug 1"
            isEnabled = "YES">
         </CommandLineArgument>
         <CommandLineArgument
            argument = "-com.apple.CoreData.Logging.stderr 1"
            isEnabled = "YES">
         </CommandLineArgument>
      </CommandLineArguments>
      <EnvironmentVariables>
         <EnvironmentVariable
            key = "OS_ACTIVITY_MODE"
            value = "debug"
            isEnabled = "YES">
         </EnvironmentVariable>
         <EnvironmentVariable
            key = "ENABLE_TESTING"
            value = "YES"
            isEnabled = "YES">
         </EnvironmentVariable>
      </EnvironmentVariables>
   </LaunchAction>
   <ProfileAction
      buildConfiguration = "Release"
      shouldUseLaunchSchemeArgsEnv = "YES"
      savedToolIdentifier = ""
      useCustomWorkingDirectory = "NO"
      debugDocumentVersioning = "YES">
      <!-- Requirement: Development Environment - Profile configuration -->
      <BuildableProductRunnable
         runnableDebuggingMode = "0">
         <BuildableReference
            BuildableIdentifier = "primary"
            BlueprintIdentifier = "T7890123456789"
            BuildableName = "MintReplicaLite.app"
            BlueprintName = "MintReplicaLite"
            ReferencedContainer = "container:MintReplicaLite.xcodeproj">
         </BuildableReference>
      </BuildableProductRunnable>
   </ProfileAction>
   <AnalyzeAction
      buildConfiguration = "Debug">
   </AnalyzeAction>
   <ArchiveAction
      buildConfiguration = "Release"
      revealArchiveInOrganizer = "YES">
      <!-- Requirement: Development Environment - Archive configuration -->
      <PreActions>
         <ExecutionAction
            ActionType = "Xcode.IDEStandardExecutionActionsCore.ExecutionActionType.ShellScriptAction">
            <ActionContent
               title = "Increment Build Number"
               scriptText = "buildNumber=$(/usr/libexec/PlistBuddy -c &quot;Print CFBundleVersion&quot; &quot;${PROJECT_DIR}/${INFOPLIST_FILE}&quot;)&#10;buildNumber=$(($buildNumber + 1))&#10;/usr/libexec/PlistBuddy -c &quot;Set :CFBundleVersion $buildNumber&quot; &quot;${PROJECT_DIR}/${INFOPLIST_FILE}&quot;">
               <EnvironmentBuildable>
                  <BuildableReference
                     BuildableIdentifier = "primary"
                     BlueprintIdentifier = "T7890123456789"
                     BuildableName = "MintReplicaLite.app"
                     BlueprintName = "MintReplicaLite"
                     ReferencedContainer = "container:MintReplicaLite.xcodeproj">
                  </BuildableReference>
               </EnvironmentBuildable>
            </ActionContent>
         </ExecutionAction>
      </PreActions>
   </ArchiveAction>
</Scheme>